// !$*UTF8*$!
{
	archiveVersion = 1;
	classes = {
	};
	objectVersion = 56;
	objects = {

/* Begin PBXBuildFile section */
		2D08D3BF2AB6AE8500921648 /* FoodieAPIModel.swift in Sources */ = {isa = PBXBuildFile; fileRef = 2D08D3BE2AB6AE8500921648 /* FoodieAPIModel.swift */; };
		2D08D3C12AB6B2EA00921648 /* ItemSearchView.swift in Sources */ = {isa = PBXBuildFile; fileRef = 2D08D3C02AB6B2EA00921648 /* ItemSearchView.swift */; };
		2D08D3C32ABC0BF000921648 /* ItemGuideView.swift in Sources */ = {isa = PBXBuildFile; fileRef = 2D08D3C22ABC0BEF00921648 /* ItemGuideView.swift */; };
		2D08D3C72ABC1F2D00921648 /* Search.swift in Sources */ = {isa = PBXBuildFile; fileRef = 2D08D3C62ABC1F2D00921648 /* Search.swift */; };
		2D08D3CB2ABEE32400921648 /* NavigationUtil.swift in Sources */ = {isa = PBXBuildFile; fileRef = 2D08D3CA2ABEE32400921648 /* NavigationUtil.swift */; };
		2D08D3CE2ABEE81C00921648 /* ItemCategory.swift in Sources */ = {isa = PBXBuildFile; fileRef = 2D08D3CD2ABEE81C00921648 /* ItemCategory.swift */; };
		2D6133E42A82314B008EEC3D /* Fresh_ReminderApp.swift in Sources */ = {isa = PBXBuildFile; fileRef = 2D6133E32A82314B008EEC3D /* Fresh_ReminderApp.swift */; };
		2D6133E62A82314B008EEC3D /* ContentView.swift in Sources */ = {isa = PBXBuildFile; fileRef = 2D6133E52A82314B008EEC3D /* ContentView.swift */; };
		2D6133E82A82314D008EEC3D /* Assets.xcassets in Resources */ = {isa = PBXBuildFile; fileRef = 2D6133E72A82314D008EEC3D /* Assets.xcassets */; };
		2D6133EC2A82314D008EEC3D /* Preview Assets.xcassets in Resources */ = {isa = PBXBuildFile; fileRef = 2D6133EB2A82314D008EEC3D /* Preview Assets.xcassets */; };
		2D81E6382A823314007CA724 /* CalendarView.swift in Sources */ = {isa = PBXBuildFile; fileRef = 2D81E6372A823313007CA724 /* CalendarView.swift */; };
		2D81E63A2A823328007CA724 /* FridgeView.swift in Sources */ = {isa = PBXBuildFile; fileRef = 2D81E6392A823328007CA724 /* FridgeView.swift */; };
		2D81E63C2A82333E007CA724 /* SettingsView.swift in Sources */ = {isa = PBXBuildFile; fileRef = 2D81E63B2A82333E007CA724 /* SettingsView.swift */; };
		2D81E6472A89FB95007CA724 /* CalendarDates.swift in Sources */ = {isa = PBXBuildFile; fileRef = 2D81E6462A89FB95007CA724 /* CalendarDates.swift */; };
		2D81E6672A934B27007CA724 /* GestureControl.swift in Sources */ = {isa = PBXBuildFile; fileRef = 2D81E6662A934B27007CA724 /* GestureControl.swift */; };
		2D81E6692A934BA3007CA724 /* CalendarGrid.swift in Sources */ = {isa = PBXBuildFile; fileRef = 2D81E6682A934BA3007CA724 /* CalendarGrid.swift */; };
		2D81E6702A9ADE5B007CA724 /* ItemSheet.swift in Sources */ = {isa = PBXBuildFile; fileRef = 2D81E66F2A9ADE5B007CA724 /* ItemSheet.swift */; };
		2D81E6752A9B1F54007CA724 /* NewItemView.swift in Sources */ = {isa = PBXBuildFile; fileRef = 2D81E6742A9B1F54007CA724 /* NewItemView.swift */; };
		2DD1802E2AD63EE4008825DC /* FreshReminderImageClassifier.mlmodel in Sources */ = {isa = PBXBuildFile; fileRef = 2DD1802D2AD63EE4008825DC /* FreshReminderImageClassifier.mlmodel */; };
		793063C12AC8FD0900CD87D1 /* Fresh_ReminderTests.swift in Sources */ = {isa = PBXBuildFile; fileRef = 793063C02AC8FD0900CD87D1 /* Fresh_ReminderTests.swift */; };
		793063C82AC8FD7A00CD87D1 /* CoreDataTests.swift in Sources */ = {isa = PBXBuildFile; fileRef = 793063C72AC8FD7A00CD87D1 /* CoreDataTests.swift */; };
		793063D02ACAA5F600CD87D1 /* Documentation.docc in Sources */ = {isa = PBXBuildFile; fileRef = 793063CF2ACAA5F600CD87D1 /* Documentation.docc */; };
		793063D82ACD332D00CD87D1 /* Classifier.swift in Sources */ = {isa = PBXBuildFile; fileRef = 793063D72ACD332D00CD87D1 /* Classifier.swift */; };
		793063DC2ACD334800CD87D1 /* ImageClassifier.swift in Sources */ = {isa = PBXBuildFile; fileRef = 793063DB2ACD334800CD87D1 /* ImageClassifier.swift */; };
		79435DA72ACD3CED00270673 /* ImagePicker.swift in Sources */ = {isa = PBXBuildFile; fileRef = 79435DA62ACD3CED00270673 /* ImagePicker.swift */; };
		79435DA92ACD41E700270673 /* MobileNetV2.mlmodel in Sources */ = {isa = PBXBuildFile; fileRef = 79435DA82ACD41E700270673 /* MobileNetV2.mlmodel */; };
		79435DAC2AD3E05600270673 /* AppDelegate.swift in Sources */ = {isa = PBXBuildFile; fileRef = 79435DAB2AD3E05600270673 /* AppDelegate.swift */; };
		794F2CD92AAFD4C20023FA34 /* Model.xcdatamodeld in Sources */ = {isa = PBXBuildFile; fileRef = 794F2CD72AAFD4C20023FA34 /* Model.xcdatamodeld */; };
		794F2CDB2AAFD7130023FA34 /* Persistence.swift in Sources */ = {isa = PBXBuildFile; fileRef = 794F2CDA2AAFD7130023FA34 /* Persistence.swift */; };
		794F2CDD2AB18D6F0023FA34 /* CoreDataViewModel.swift in Sources */ = {isa = PBXBuildFile; fileRef = 794F2CDC2AB18D6F0023FA34 /* CoreDataViewModel.swift */; };
/* End PBXBuildFile section */

/* Begin PBXContainerItemProxy section */
		793063C22AC8FD0900CD87D1 /* PBXContainerItemProxy */ = {
			isa = PBXContainerItemProxy;
			containerPortal = 2D6133D82A82314B008EEC3D /* Project object */;
			proxyType = 1;
			remoteGlobalIDString = 2D6133DF2A82314B008EEC3D;
			remoteInfo = "Fresh Reminder";
		};
/* End PBXContainerItemProxy section */

/* Begin PBXFileReference section */
		2D08D3BE2AB6AE8500921648 /* FoodieAPIModel.swift */ = {isa = PBXFileReference; lastKnownFileType = sourcecode.swift; path = FoodieAPIModel.swift; sourceTree = "<group>"; };
		2D08D3C02AB6B2EA00921648 /* ItemSearchView.swift */ = {isa = PBXFileReference; lastKnownFileType = sourcecode.swift; path = ItemSearchView.swift; sourceTree = "<group>"; };
		2D08D3C22ABC0BEF00921648 /* ItemGuideView.swift */ = {isa = PBXFileReference; lastKnownFileType = sourcecode.swift; path = ItemGuideView.swift; sourceTree = "<group>"; };
		2D08D3C62ABC1F2D00921648 /* Search.swift */ = {isa = PBXFileReference; lastKnownFileType = sourcecode.swift; path = Search.swift; sourceTree = "<group>"; };
		2D08D3CA2ABEE32400921648 /* NavigationUtil.swift */ = {isa = PBXFileReference; lastKnownFileType = sourcecode.swift; path = NavigationUtil.swift; sourceTree = "<group>"; };
		2D08D3CD2ABEE81C00921648 /* ItemCategory.swift */ = {isa = PBXFileReference; lastKnownFileType = sourcecode.swift; path = ItemCategory.swift; sourceTree = "<group>"; };
		2D6133E02A82314B008EEC3D /* Fresh Reminder.app */ = {isa = PBXFileReference; explicitFileType = wrapper.application; includeInIndex = 0; path = "Fresh Reminder.app"; sourceTree = BUILT_PRODUCTS_DIR; };
		2D6133E32A82314B008EEC3D /* Fresh_ReminderApp.swift */ = {isa = PBXFileReference; lastKnownFileType = sourcecode.swift; path = Fresh_ReminderApp.swift; sourceTree = "<group>"; };
		2D6133E52A82314B008EEC3D /* ContentView.swift */ = {isa = PBXFileReference; lastKnownFileType = sourcecode.swift; path = ContentView.swift; sourceTree = "<group>"; };
		2D6133E72A82314D008EEC3D /* Assets.xcassets */ = {isa = PBXFileReference; lastKnownFileType = folder.assetcatalog; path = Assets.xcassets; sourceTree = "<group>"; };
		2D6133E92A82314D008EEC3D /* Fresh_Reminder.entitlements */ = {isa = PBXFileReference; lastKnownFileType = text.plist.entitlements; path = Fresh_Reminder.entitlements; sourceTree = "<group>"; };
		2D6133EB2A82314D008EEC3D /* Preview Assets.xcassets */ = {isa = PBXFileReference; lastKnownFileType = folder.assetcatalog; path = "Preview Assets.xcassets"; sourceTree = "<group>"; };
		2D81E6372A823313007CA724 /* CalendarView.swift */ = {isa = PBXFileReference; lastKnownFileType = sourcecode.swift; path = CalendarView.swift; sourceTree = "<group>"; };
		2D81E6392A823328007CA724 /* FridgeView.swift */ = {isa = PBXFileReference; lastKnownFileType = sourcecode.swift; path = FridgeView.swift; sourceTree = "<group>"; };
		2D81E63B2A82333E007CA724 /* SettingsView.swift */ = {isa = PBXFileReference; lastKnownFileType = sourcecode.swift; path = SettingsView.swift; sourceTree = "<group>"; };
		2D81E6462A89FB95007CA724 /* CalendarDates.swift */ = {isa = PBXFileReference; lastKnownFileType = sourcecode.swift; path = CalendarDates.swift; sourceTree = "<group>"; };
		2D81E6662A934B27007CA724 /* GestureControl.swift */ = {isa = PBXFileReference; lastKnownFileType = sourcecode.swift; path = GestureControl.swift; sourceTree = "<group>"; };
		2D81E6682A934BA3007CA724 /* CalendarGrid.swift */ = {isa = PBXFileReference; lastKnownFileType = sourcecode.swift; path = CalendarGrid.swift; sourceTree = "<group>"; };
		2D81E66F2A9ADE5B007CA724 /* ItemSheet.swift */ = {isa = PBXFileReference; lastKnownFileType = sourcecode.swift; path = ItemSheet.swift; sourceTree = "<group>"; };
		2D81E6742A9B1F54007CA724 /* NewItemView.swift */ = {isa = PBXFileReference; lastKnownFileType = sourcecode.swift; path = NewItemView.swift; sourceTree = "<group>"; };
		2DD1802D2AD63EE4008825DC /* FreshReminderImageClassifier.mlmodel */ = {isa = PBXFileReference; lastKnownFileType = file.mlmodel; path = FreshReminderImageClassifier.mlmodel; sourceTree = "<group>"; };
		793063BE2AC8FD0900CD87D1 /* Fresh ReminderTests.xctest */ = {isa = PBXFileReference; explicitFileType = wrapper.cfbundle; includeInIndex = 0; path = "Fresh ReminderTests.xctest"; sourceTree = BUILT_PRODUCTS_DIR; };
		793063C02AC8FD0900CD87D1 /* Fresh_ReminderTests.swift */ = {isa = PBXFileReference; lastKnownFileType = sourcecode.swift; path = Fresh_ReminderTests.swift; sourceTree = "<group>"; };
		793063C72AC8FD7A00CD87D1 /* CoreDataTests.swift */ = {isa = PBXFileReference; lastKnownFileType = sourcecode.swift; path = CoreDataTests.swift; sourceTree = "<group>"; };
		793063CF2ACAA5F600CD87D1 /* Documentation.docc */ = {isa = PBXFileReference; lastKnownFileType = folder.documentationcatalog; path = Documentation.docc; sourceTree = "<group>"; };
		793063D72ACD332D00CD87D1 /* Classifier.swift */ = {isa = PBXFileReference; lastKnownFileType = sourcecode.swift; path = Classifier.swift; sourceTree = "<group>"; };
		793063DB2ACD334800CD87D1 /* ImageClassifier.swift */ = {isa = PBXFileReference; lastKnownFileType = sourcecode.swift; path = ImageClassifier.swift; sourceTree = "<group>"; };
		79435DA62ACD3CED00270673 /* ImagePicker.swift */ = {isa = PBXFileReference; lastKnownFileType = sourcecode.swift; path = ImagePicker.swift; sourceTree = "<group>"; };
		79435DA82ACD41E700270673 /* MobileNetV2.mlmodel */ = {isa = PBXFileReference; lastKnownFileType = file.mlmodel; path = MobileNetV2.mlmodel; sourceTree = "<group>"; };
		79435DAA2AD3DF1E00270673 /* Fresh-Reminder-Info.plist */ = {isa = PBXFileReference; lastKnownFileType = text.plist; path = "Fresh-Reminder-Info.plist"; sourceTree = SOURCE_ROOT; };
		79435DAB2AD3E05600270673 /* AppDelegate.swift */ = {isa = PBXFileReference; lastKnownFileType = sourcecode.swift; path = AppDelegate.swift; sourceTree = "<group>"; };
		794F2CD82AAFD4C20023FA34 /* Model.xcdatamodel */ = {isa = PBXFileReference; lastKnownFileType = wrapper.xcdatamodel; path = Model.xcdatamodel; sourceTree = "<group>"; };
		794F2CDA2AAFD7130023FA34 /* Persistence.swift */ = {isa = PBXFileReference; lastKnownFileType = sourcecode.swift; path = Persistence.swift; sourceTree = "<group>"; };
		794F2CDC2AB18D6F0023FA34 /* CoreDataViewModel.swift */ = {isa = PBXFileReference; lastKnownFileType = sourcecode.swift; path = CoreDataViewModel.swift; sourceTree = "<group>"; };
/* End PBXFileReference section */

/* Begin PBXFrameworksBuildPhase section */
		2D6133DD2A82314B008EEC3D /* Frameworks */ = {
			isa = PBXFrameworksBuildPhase;
			buildActionMask = 2147483647;
			files = (
			);
			runOnlyForDeploymentPostprocessing = 0;
		};
		793063BB2AC8FD0900CD87D1 /* Frameworks */ = {
			isa = PBXFrameworksBuildPhase;
			buildActionMask = 2147483647;
			files = (
			);
			runOnlyForDeploymentPostprocessing = 0;
		};
/* End PBXFrameworksBuildPhase section */

/* Begin PBXGroup section */
		2D6133D72A82314B008EEC3D = {
			isa = PBXGroup;
			children = (
				794F2CDC2AB18D6F0023FA34 /* CoreDataViewModel.swift */,
				2D6133E22A82314B008EEC3D /* Fresh Reminder */,
				793063BF2AC8FD0900CD87D1 /* Fresh ReminderTests */,
				2D6133E12A82314B008EEC3D /* Products */,
			);
			sourceTree = "<group>";
		};
		2D6133E12A82314B008EEC3D /* Products */ = {
			isa = PBXGroup;
			children = (
				2D6133E02A82314B008EEC3D /* Fresh Reminder.app */,
				793063BE2AC8FD0900CD87D1 /* Fresh ReminderTests.xctest */,
			);
			name = Products;
			sourceTree = "<group>";
		};
		2D6133E22A82314B008EEC3D /* Fresh Reminder */ = {
			isa = PBXGroup;
			children = (
				79435DAA2AD3DF1E00270673 /* Fresh-Reminder-Info.plist */,
				793063D72ACD332D00CD87D1 /* Classifier.swift */,
				2DD1802D2AD63EE4008825DC /* FreshReminderImageClassifier.mlmodel */,
				79435DA82ACD41E700270673 /* MobileNetV2.mlmodel */,
				793063DB2ACD334800CD87D1 /* ImageClassifier.swift */,
				2DCB1E352AAF2D16009D7E80 /* View */,
				2DCB1E342AAF2D10009D7E80 /* Model */,
				2D6133E32A82314B008EEC3D /* Fresh_ReminderApp.swift */,
				2D6133E72A82314D008EEC3D /* Assets.xcassets */,
				2D6133E92A82314D008EEC3D /* Fresh_Reminder.entitlements */,
				2D6133EA2A82314D008EEC3D /* Preview Content */,
				793063CF2ACAA5F600CD87D1 /* Documentation.docc */,
			);
			path = "Fresh Reminder";
			sourceTree = "<group>";
		};
		2D6133EA2A82314D008EEC3D /* Preview Content */ = {
			isa = PBXGroup;
			children = (
				2D6133EB2A82314D008EEC3D /* Preview Assets.xcassets */,
			);
			path = "Preview Content";
			sourceTree = "<group>";
		};
		2D81E6432A89F746007CA724 /* Calendar */ = {
			isa = PBXGroup;
			children = (
				2D81E6712A9B1CFC007CA724 /* Components */,
				2D81E6372A823313007CA724 /* CalendarView.swift */,
			);
			path = Calendar;
			sourceTree = "<group>";
		};
		2D81E6442A89F75B007CA724 /* Fridge */ = {
			isa = PBXGroup;
			children = (
				2D81E6392A823328007CA724 /* FridgeView.swift */,
			);
			path = Fridge;
			sourceTree = "<group>";
		};
		2D81E6652A934B0A007CA724 /* Util */ = {
			isa = PBXGroup;
			children = (
				2D81E6662A934B27007CA724 /* GestureControl.swift */,
				2D08D3C62ABC1F2D00921648 /* Search.swift */,
			);
			path = Util;
			sourceTree = "<group>";
		};
		2D81E66E2A95E0ED007CA724 /* Item */ = {
			isa = PBXGroup;
			children = (
				2D81E66F2A9ADE5B007CA724 /* ItemSheet.swift */,
				2D81E6742A9B1F54007CA724 /* NewItemView.swift */,
				2D08D3C02AB6B2EA00921648 /* ItemSearchView.swift */,
				2D08D3C22ABC0BEF00921648 /* ItemGuideView.swift */,
			);
			path = Item;
			sourceTree = "<group>";
		};
		2D81E6712A9B1CFC007CA724 /* Components */ = {
			isa = PBXGroup;
			children = (
				2D81E6682A934BA3007CA724 /* CalendarGrid.swift */,
				2D81E6462A89FB95007CA724 /* CalendarDates.swift */,
			);
			path = Components;
			sourceTree = "<group>";
		};
		2D81E6732A9B1D42007CA724 /* Settings */ = {
			isa = PBXGroup;
			children = (
				2D81E63B2A82333E007CA724 /* SettingsView.swift */,
			);
			path = Settings;
			sourceTree = "<group>";
		};
		2DCB1E342AAF2D10009D7E80 /* Model */ = {
			isa = PBXGroup;
			children = (
				794F2CD72AAFD4C20023FA34 /* Model.xcdatamodeld */,
				2D08D3CA2ABEE32400921648 /* NavigationUtil.swift */,
				794F2CDA2AAFD7130023FA34 /* Persistence.swift */,
				2D08D3BE2AB6AE8500921648 /* FoodieAPIModel.swift */,
				2D08D3CD2ABEE81C00921648 /* ItemCategory.swift */,
				79435DAB2AD3E05600270673 /* AppDelegate.swift */,
			);
			path = Model;
			sourceTree = "<group>";
		};
		2DCB1E352AAF2D16009D7E80 /* View */ = {
			isa = PBXGroup;
			children = (
				2D6133E52A82314B008EEC3D /* ContentView.swift */,
				793063B72AC26B6700CD87D1 /* Camera */,
				2D81E6442A89F75B007CA724 /* Fridge */,
				2D81E66E2A95E0ED007CA724 /* Item */,
				2D81E6432A89F746007CA724 /* Calendar */,
				2D81E6732A9B1D42007CA724 /* Settings */,
				2D81E6652A934B0A007CA724 /* Util */,
			);
			path = View;
			sourceTree = "<group>";
		};
		793063B72AC26B6700CD87D1 /* Camera */ = {
			isa = PBXGroup;
			children = (
				79435DA62ACD3CED00270673 /* ImagePicker.swift */,
			);
			path = Camera;
			sourceTree = "<group>";
		};
		793063BF2AC8FD0900CD87D1 /* Fresh ReminderTests */ = {
			isa = PBXGroup;
			children = (
				793063C02AC8FD0900CD87D1 /* Fresh_ReminderTests.swift */,
				793063C72AC8FD7A00CD87D1 /* CoreDataTests.swift */,
			);
			path = "Fresh ReminderTests";
			sourceTree = "<group>";
		};
/* End PBXGroup section */

/* Begin PBXNativeTarget section */
		2D6133DF2A82314B008EEC3D /* Fresh Reminder */ = {
			isa = PBXNativeTarget;
			buildConfigurationList = 2D6133EF2A82314D008EEC3D /* Build configuration list for PBXNativeTarget "Fresh Reminder" */;
			buildPhases = (
				2D6133DC2A82314B008EEC3D /* Sources */,
				2D6133DD2A82314B008EEC3D /* Frameworks */,
				2D6133DE2A82314B008EEC3D /* Resources */,
			);
			buildRules = (
			);
			dependencies = (
			);
			name = "Fresh Reminder";
			productName = "Fresh Reminder";
			productReference = 2D6133E02A82314B008EEC3D /* Fresh Reminder.app */;
			productType = "com.apple.product-type.application";
		};
		793063BD2AC8FD0900CD87D1 /* Fresh ReminderTests */ = {
			isa = PBXNativeTarget;
			buildConfigurationList = 793063C42AC8FD0900CD87D1 /* Build configuration list for PBXNativeTarget "Fresh ReminderTests" */;
			buildPhases = (
				793063BA2AC8FD0900CD87D1 /* Sources */,
				793063BB2AC8FD0900CD87D1 /* Frameworks */,
				793063BC2AC8FD0900CD87D1 /* Resources */,
			);
			buildRules = (
			);
			dependencies = (
				793063C32AC8FD0900CD87D1 /* PBXTargetDependency */,
			);
			name = "Fresh ReminderTests";
			productName = "Fresh ReminderTests";
			productReference = 793063BE2AC8FD0900CD87D1 /* Fresh ReminderTests.xctest */;
			productType = "com.apple.product-type.bundle.unit-test";
		};
/* End PBXNativeTarget section */

/* Begin PBXProject section */
		2D6133D82A82314B008EEC3D /* Project object */ = {
			isa = PBXProject;
			attributes = {
				BuildIndependentTargetsInParallel = 1;
				LastSwiftUpdateCheck = 1430;
				LastUpgradeCheck = 1500;
				TargetAttributes = {
					2D6133DF2A82314B008EEC3D = {
						CreatedOnToolsVersion = 14.3.1;
					};
					793063BD2AC8FD0900CD87D1 = {
						CreatedOnToolsVersion = 14.3.1;
						TestTargetID = 2D6133DF2A82314B008EEC3D;
					};
				};
			};
			buildConfigurationList = 2D6133DB2A82314B008EEC3D /* Build configuration list for PBXProject "Fresh Reminder" */;
			compatibilityVersion = "Xcode 14.0";
			developmentRegion = en;
			hasScannedForEncodings = 0;
			knownRegions = (
				en,
				Base,
			);
			mainGroup = 2D6133D72A82314B008EEC3D;
			productRefGroup = 2D6133E12A82314B008EEC3D /* Products */;
			projectDirPath = "";
			projectRoot = "";
			targets = (
				2D6133DF2A82314B008EEC3D /* Fresh Reminder */,
				793063BD2AC8FD0900CD87D1 /* Fresh ReminderTests */,
			);
		};
/* End PBXProject section */

/* Begin PBXResourcesBuildPhase section */
		2D6133DE2A82314B008EEC3D /* Resources */ = {
			isa = PBXResourcesBuildPhase;
			buildActionMask = 2147483647;
			files = (
				2D6133EC2A82314D008EEC3D /* Preview Assets.xcassets in Resources */,
				2D6133E82A82314D008EEC3D /* Assets.xcassets in Resources */,
			);
			runOnlyForDeploymentPostprocessing = 0;
		};
		793063BC2AC8FD0900CD87D1 /* Resources */ = {
			isa = PBXResourcesBuildPhase;
			buildActionMask = 2147483647;
			files = (
			);
			runOnlyForDeploymentPostprocessing = 0;
		};
/* End PBXResourcesBuildPhase section */

/* Begin PBXSourcesBuildPhase section */
		2D6133DC2A82314B008EEC3D /* Sources */ = {
			isa = PBXSourcesBuildPhase;
			buildActionMask = 2147483647;
			files = (
				793063D82ACD332D00CD87D1 /* Classifier.swift in Sources */,
				794F2CDD2AB18D6F0023FA34 /* CoreDataViewModel.swift in Sources */,
				79435DA72ACD3CED00270673 /* ImagePicker.swift in Sources */,
				79435DA92ACD41E700270673 /* MobileNetV2.mlmodel in Sources */,
				2D81E6472A89FB95007CA724 /* CalendarDates.swift in Sources */,
				794F2CDB2AAFD7130023FA34 /* Persistence.swift in Sources */,
				2D81E6752A9B1F54007CA724 /* NewItemView.swift in Sources */,
				79435DAC2AD3E05600270673 /* AppDelegate.swift in Sources */,
				2D81E63C2A82333E007CA724 /* SettingsView.swift in Sources */,
				2D08D3C72ABC1F2D00921648 /* Search.swift in Sources */,
				2D81E6692A934BA3007CA724 /* CalendarGrid.swift in Sources */,
				2D6133E62A82314B008EEC3D /* ContentView.swift in Sources */,
				793063DC2ACD334800CD87D1 /* ImageClassifier.swift in Sources */,
				2D81E6672A934B27007CA724 /* GestureControl.swift in Sources */,
				2D6133E42A82314B008EEC3D /* Fresh_ReminderApp.swift in Sources */,
				2D81E6382A823314007CA724 /* CalendarView.swift in Sources */,
				2D81E6702A9ADE5B007CA724 /* ItemSheet.swift in Sources */,
				2D08D3CE2ABEE81C00921648 /* ItemCategory.swift in Sources */,
				2DD1802E2AD63EE4008825DC /* FreshReminderImageClassifier.mlmodel in Sources */,
				794F2CD92AAFD4C20023FA34 /* Model.xcdatamodeld in Sources */,
				2D81E63A2A823328007CA724 /* FridgeView.swift in Sources */,
				793063D02ACAA5F600CD87D1 /* Documentation.docc in Sources */,
				2D08D3BF2AB6AE8500921648 /* FoodieAPIModel.swift in Sources */,
				2D08D3CB2ABEE32400921648 /* NavigationUtil.swift in Sources */,
				2D08D3C32ABC0BF000921648 /* ItemGuideView.swift in Sources */,
				2D08D3C12AB6B2EA00921648 /* ItemSearchView.swift in Sources */,
			);
			runOnlyForDeploymentPostprocessing = 0;
		};
		793063BA2AC8FD0900CD87D1 /* Sources */ = {
			isa = PBXSourcesBuildPhase;
			buildActionMask = 2147483647;
			files = (
				793063C82AC8FD7A00CD87D1 /* CoreDataTests.swift in Sources */,
				793063C12AC8FD0900CD87D1 /* Fresh_ReminderTests.swift in Sources */,
			);
			runOnlyForDeploymentPostprocessing = 0;
		};
/* End PBXSourcesBuildPhase section */

/* Begin PBXTargetDependency section */
		793063C32AC8FD0900CD87D1 /* PBXTargetDependency */ = {
			isa = PBXTargetDependency;
			target = 2D6133DF2A82314B008EEC3D /* Fresh Reminder */;
			targetProxy = 793063C22AC8FD0900CD87D1 /* PBXContainerItemProxy */;
		};
/* End PBXTargetDependency section */

/* Begin XCBuildConfiguration section */
		2D6133ED2A82314D008EEC3D /* Debug */ = {
			isa = XCBuildConfiguration;
			buildSettings = {
				ALWAYS_SEARCH_USER_PATHS = NO;
				CLANG_ANALYZER_NONNULL = YES;
				CLANG_ANALYZER_NUMBER_OBJECT_CONVERSION = YES_AGGRESSIVE;
				CLANG_CXX_LANGUAGE_STANDARD = "gnu++20";
				CLANG_ENABLE_MODULES = YES;
				CLANG_ENABLE_OBJC_ARC = YES;
				CLANG_ENABLE_OBJC_WEAK = YES;
				CLANG_WARN_BLOCK_CAPTURE_AUTORELEASING = YES;
				CLANG_WARN_BOOL_CONVERSION = YES;
				CLANG_WARN_COMMA = YES;
				CLANG_WARN_CONSTANT_CONVERSION = YES;
				CLANG_WARN_DEPRECATED_OBJC_IMPLEMENTATIONS = YES;
				CLANG_WARN_DIRECT_OBJC_ISA_USAGE = YES_ERROR;
				CLANG_WARN_DOCUMENTATION_COMMENTS = YES;
				CLANG_WARN_EMPTY_BODY = YES;
				CLANG_WARN_ENUM_CONVERSION = YES;
				CLANG_WARN_INFINITE_RECURSION = YES;
				CLANG_WARN_INT_CONVERSION = YES;
				CLANG_WARN_NON_LITERAL_NULL_CONVERSION = YES;
				CLANG_WARN_OBJC_IMPLICIT_RETAIN_SELF = YES;
				CLANG_WARN_OBJC_LITERAL_CONVERSION = YES;
				CLANG_WARN_OBJC_ROOT_CLASS = YES_ERROR;
				CLANG_WARN_QUOTED_INCLUDE_IN_FRAMEWORK_HEADER = YES;
				CLANG_WARN_RANGE_LOOP_ANALYSIS = YES;
				CLANG_WARN_STRICT_PROTOTYPES = YES;
				CLANG_WARN_SUSPICIOUS_MOVE = YES;
				CLANG_WARN_UNGUARDED_AVAILABILITY = YES_AGGRESSIVE;
				CLANG_WARN_UNREACHABLE_CODE = YES;
				CLANG_WARN__DUPLICATE_METHOD_MATCH = YES;
				COPY_PHASE_STRIP = NO;
				DEAD_CODE_STRIPPING = YES;
				DEBUG_INFORMATION_FORMAT = dwarf;
				ENABLE_STRICT_OBJC_MSGSEND = YES;
				ENABLE_TESTABILITY = YES;
				ENABLE_USER_SCRIPT_SANDBOXING = YES;
				GCC_C_LANGUAGE_STANDARD = gnu11;
				GCC_DYNAMIC_NO_PIC = NO;
				GCC_NO_COMMON_BLOCKS = YES;
				GCC_OPTIMIZATION_LEVEL = 0;
				GCC_PREPROCESSOR_DEFINITIONS = (
					"DEBUG=1",
					"$(inherited)",
				);
				GCC_WARN_64_TO_32_BIT_CONVERSION = YES;
				GCC_WARN_ABOUT_RETURN_TYPE = YES_ERROR;
				GCC_WARN_UNDECLARED_SELECTOR = YES;
				GCC_WARN_UNINITIALIZED_AUTOS = YES_AGGRESSIVE;
				GCC_WARN_UNUSED_FUNCTION = YES;
				GCC_WARN_UNUSED_VARIABLE = YES;
				MTL_ENABLE_DEBUG_INFO = INCLUDE_SOURCE;
				MTL_FAST_MATH = YES;
				ONLY_ACTIVE_ARCH = YES;
				RUN_DOCUMENTATION_COMPILER = YES;
				SWIFT_ACTIVE_COMPILATION_CONDITIONS = DEBUG;
				SWIFT_OPTIMIZATION_LEVEL = "-Onone";
			};
			name = Debug;
		};
		2D6133EE2A82314D008EEC3D /* Release */ = {
			isa = XCBuildConfiguration;
			buildSettings = {
				ALWAYS_SEARCH_USER_PATHS = NO;
				CLANG_ANALYZER_NONNULL = YES;
				CLANG_ANALYZER_NUMBER_OBJECT_CONVERSION = YES_AGGRESSIVE;
				CLANG_CXX_LANGUAGE_STANDARD = "gnu++20";
				CLANG_ENABLE_MODULES = YES;
				CLANG_ENABLE_OBJC_ARC = YES;
				CLANG_ENABLE_OBJC_WEAK = YES;
				CLANG_WARN_BLOCK_CAPTURE_AUTORELEASING = YES;
				CLANG_WARN_BOOL_CONVERSION = YES;
				CLANG_WARN_COMMA = YES;
				CLANG_WARN_CONSTANT_CONVERSION = YES;
				CLANG_WARN_DEPRECATED_OBJC_IMPLEMENTATIONS = YES;
				CLANG_WARN_DIRECT_OBJC_ISA_USAGE = YES_ERROR;
				CLANG_WARN_DOCUMENTATION_COMMENTS = YES;
				CLANG_WARN_EMPTY_BODY = YES;
				CLANG_WARN_ENUM_CONVERSION = YES;
				CLANG_WARN_INFINITE_RECURSION = YES;
				CLANG_WARN_INT_CONVERSION = YES;
				CLANG_WARN_NON_LITERAL_NULL_CONVERSION = YES;
				CLANG_WARN_OBJC_IMPLICIT_RETAIN_SELF = YES;
				CLANG_WARN_OBJC_LITERAL_CONVERSION = YES;
				CLANG_WARN_OBJC_ROOT_CLASS = YES_ERROR;
				CLANG_WARN_QUOTED_INCLUDE_IN_FRAMEWORK_HEADER = YES;
				CLANG_WARN_RANGE_LOOP_ANALYSIS = YES;
				CLANG_WARN_STRICT_PROTOTYPES = YES;
				CLANG_WARN_SUSPICIOUS_MOVE = YES;
				CLANG_WARN_UNGUARDED_AVAILABILITY = YES_AGGRESSIVE;
				CLANG_WARN_UNREACHABLE_CODE = YES;
				CLANG_WARN__DUPLICATE_METHOD_MATCH = YES;
				COPY_PHASE_STRIP = NO;
				DEAD_CODE_STRIPPING = YES;
				DEBUG_INFORMATION_FORMAT = "dwarf-with-dsym";
				ENABLE_NS_ASSERTIONS = NO;
				ENABLE_STRICT_OBJC_MSGSEND = YES;
				ENABLE_USER_SCRIPT_SANDBOXING = YES;
				GCC_C_LANGUAGE_STANDARD = gnu11;
				GCC_NO_COMMON_BLOCKS = YES;
				GCC_WARN_64_TO_32_BIT_CONVERSION = YES;
				GCC_WARN_ABOUT_RETURN_TYPE = YES_ERROR;
				GCC_WARN_UNDECLARED_SELECTOR = YES;
				GCC_WARN_UNINITIALIZED_AUTOS = YES_AGGRESSIVE;
				GCC_WARN_UNUSED_FUNCTION = YES;
				GCC_WARN_UNUSED_VARIABLE = YES;
				MTL_ENABLE_DEBUG_INFO = NO;
				MTL_FAST_MATH = YES;
				RUN_DOCUMENTATION_COMPILER = YES;
				SWIFT_COMPILATION_MODE = wholemodule;
				SWIFT_OPTIMIZATION_LEVEL = "-O";
			};
			name = Release;
		};
		2D6133F02A82314D008EEC3D /* Debug */ = {
			isa = XCBuildConfiguration;
			buildSettings = {
				ASSETCATALOG_COMPILER_APPICON_NAME = AppIcon;
				ASSETCATALOG_COMPILER_GLOBAL_ACCENT_COLOR_NAME = AccentColor;
				CODE_SIGN_ENTITLEMENTS = "Fresh Reminder/Fresh_Reminder.entitlements";
				CODE_SIGN_STYLE = Automatic;
				CURRENT_PROJECT_VERSION = 1;
				DEAD_CODE_STRIPPING = YES;
				DEVELOPMENT_ASSET_PATHS = "\"Fresh Reminder/Preview Content\"";
				DEVELOPMENT_TEAM = AK469M3497;
				ENABLE_PREVIEWS = YES;
				GENERATE_INFOPLIST_FILE = YES;
				INFOPLIST_FILE = "Fresh-Reminder-Info.plist";
				INFOPLIST_KEY_NSCameraUsageDescription = "Camera is needed to take photos of grocery products.";
				"INFOPLIST_KEY_UIApplicationSceneManifest_Generation[sdk=iphoneos*]" = YES;
				"INFOPLIST_KEY_UIApplicationSceneManifest_Generation[sdk=iphonesimulator*]" = YES;
				"INFOPLIST_KEY_UIApplicationSupportsIndirectInputEvents[sdk=iphoneos*]" = YES;
				"INFOPLIST_KEY_UIApplicationSupportsIndirectInputEvents[sdk=iphonesimulator*]" = YES;
				"INFOPLIST_KEY_UILaunchScreen_Generation[sdk=iphoneos*]" = YES;
				"INFOPLIST_KEY_UILaunchScreen_Generation[sdk=iphonesimulator*]" = YES;
				"INFOPLIST_KEY_UIStatusBarStyle[sdk=iphoneos*]" = UIStatusBarStyleDefault;
				"INFOPLIST_KEY_UIStatusBarStyle[sdk=iphonesimulator*]" = UIStatusBarStyleDefault;
				INFOPLIST_KEY_UISupportedInterfaceOrientations_iPad = "UIInterfaceOrientationPortrait UIInterfaceOrientationPortraitUpsideDown UIInterfaceOrientationLandscapeLeft UIInterfaceOrientationLandscapeRight";
				IPHONEOS_DEPLOYMENT_TARGET = 17.0;
				LD_RUNPATH_SEARCH_PATHS = "@executable_path/Frameworks";
				"LD_RUNPATH_SEARCH_PATHS[sdk=macosx*]" = "@executable_path/../Frameworks";
				MACOSX_DEPLOYMENT_TARGET = 13.2;
				MARKETING_VERSION = 1.0;
				PRODUCT_BUNDLE_IDENTIFIER = "None.Fresh-Reminder";
				PRODUCT_NAME = "$(TARGET_NAME)";
				SDKROOT = auto;
				SUPPORTED_PLATFORMS = "iphoneos iphonesimulator";
				SUPPORTS_MACCATALYST = NO;
				SWIFT_EMIT_LOC_STRINGS = YES;
				SWIFT_VERSION = 5.0;
				TARGETED_DEVICE_FAMILY = "1,2";
			};
			name = Debug;
		};
		2D6133F12A82314D008EEC3D /* Release */ = {
			isa = XCBuildConfiguration;
			buildSettings = {
				ASSETCATALOG_COMPILER_APPICON_NAME = AppIcon;
				ASSETCATALOG_COMPILER_GLOBAL_ACCENT_COLOR_NAME = AccentColor;
				CODE_SIGN_ENTITLEMENTS = "Fresh Reminder/Fresh_Reminder.entitlements";
				CODE_SIGN_STYLE = Automatic;
				CURRENT_PROJECT_VERSION = 1;
				DEAD_CODE_STRIPPING = YES;
				DEVELOPMENT_ASSET_PATHS = "\"Fresh Reminder/Preview Content\"";
				DEVELOPMENT_TEAM = AK469M3497;
				ENABLE_PREVIEWS = YES;
				GENERATE_INFOPLIST_FILE = YES;
				INFOPLIST_FILE = "Fresh-Reminder-Info.plist";
				INFOPLIST_KEY_NSCameraUsageDescription = "Camera is needed to take photos of grocery products.";
				"INFOPLIST_KEY_UIApplicationSceneManifest_Generation[sdk=iphoneos*]" = YES;
				"INFOPLIST_KEY_UIApplicationSceneManifest_Generation[sdk=iphonesimulator*]" = YES;
				"INFOPLIST_KEY_UIApplicationSupportsIndirectInputEvents[sdk=iphoneos*]" = YES;
				"INFOPLIST_KEY_UIApplicationSupportsIndirectInputEvents[sdk=iphonesimulator*]" = YES;
				"INFOPLIST_KEY_UILaunchScreen_Generation[sdk=iphoneos*]" = YES;
				"INFOPLIST_KEY_UILaunchScreen_Generation[sdk=iphonesimulator*]" = YES;
				"INFOPLIST_KEY_UIStatusBarStyle[sdk=iphoneos*]" = UIStatusBarStyleDefault;
				"INFOPLIST_KEY_UIStatusBarStyle[sdk=iphonesimulator*]" = UIStatusBarStyleDefault;
				INFOPLIST_KEY_UISupportedInterfaceOrientations_iPad = "UIInterfaceOrientationPortrait UIInterfaceOrientationPortraitUpsideDown UIInterfaceOrientationLandscapeLeft UIInterfaceOrientationLandscapeRight";
				IPHONEOS_DEPLOYMENT_TARGET = 17.0;
				LD_RUNPATH_SEARCH_PATHS = "@executable_path/Frameworks";
				"LD_RUNPATH_SEARCH_PATHS[sdk=macosx*]" = "@executable_path/../Frameworks";
				MACOSX_DEPLOYMENT_TARGET = 13.2;
				MARKETING_VERSION = 1.0;
				PRODUCT_BUNDLE_IDENTIFIER = "None.Fresh-Reminder";
				PRODUCT_NAME = "$(TARGET_NAME)";
				SDKROOT = auto;
				SUPPORTED_PLATFORMS = "iphoneos iphonesimulator";
				SUPPORTS_MACCATALYST = NO;
				SWIFT_EMIT_LOC_STRINGS = YES;
				SWIFT_VERSION = 5.0;
				TARGETED_DEVICE_FAMILY = "1,2";
			};
			name = Release;
		};
		793063C52AC8FD0900CD87D1 /* Debug */ = {
			isa = XCBuildConfiguration;
			buildSettings = {
				BUNDLE_LOADER = "$(TEST_HOST)";
				CODE_SIGN_STYLE = Automatic;
				CURRENT_PROJECT_VERSION = 1;
				GENERATE_INFOPLIST_FILE = YES;
				IPHONEOS_DEPLOYMENT_TARGET = 16.4;
				MARKETING_VERSION = 1.0;
				PRODUCT_BUNDLE_IDENTIFIER = "none.Fresh-ReminderTests";
				PRODUCT_NAME = "$(TARGET_NAME)";
				SDKROOT = iphoneos;
				SWIFT_EMIT_LOC_STRINGS = NO;
				SWIFT_VERSION = 5.0;
				TARGETED_DEVICE_FAMILY = "1,2";
				TEST_HOST = "$(BUILT_PRODUCTS_DIR)/Fresh Reminder.app/$(BUNDLE_EXECUTABLE_FOLDER_PATH)/Fresh Reminder";
			};
			name = Debug;
		};
		793063C62AC8FD0900CD87D1 /* Release */ = {
			isa = XCBuildConfiguration;
			buildSettings = {
				BUNDLE_LOADER = "$(TEST_HOST)";
				CODE_SIGN_STYLE = Automatic;
				CURRENT_PROJECT_VERSION = 1;
				GENERATE_INFOPLIST_FILE = YES;
				IPHONEOS_DEPLOYMENT_TARGET = 16.4;
				MARKETING_VERSION = 1.0;
				PRODUCT_BUNDLE_IDENTIFIER = "none.Fresh-ReminderTests";
				PRODUCT_NAME = "$(TARGET_NAME)";
				SDKROOT = iphoneos;
				SWIFT_EMIT_LOC_STRINGS = NO;
				SWIFT_VERSION = 5.0;
				TARGETED_DEVICE_FAMILY = "1,2";
				TEST_HOST = "$(BUILT_PRODUCTS_DIR)/Fresh Reminder.app/$(BUNDLE_EXECUTABLE_FOLDER_PATH)/Fresh Reminder";
				VALIDATE_PRODUCT = YES;
			};
			name = Release;
		};
/* End XCBuildConfiguration section */

/* Begin XCConfigurationList section */
		2D6133DB2A82314B008EEC3D /* Build configuration list for PBXProject "Fresh Reminder" */ = {
			isa = XCConfigurationList;
			buildConfigurations = (
				2D6133ED2A82314D008EEC3D /* Debug */,
				2D6133EE2A82314D008EEC3D /* Release */,
			);
			defaultConfigurationIsVisible = 0;
			defaultConfigurationName = Release;
		};
		2D6133EF2A82314D008EEC3D /* Build configuration list for PBXNativeTarget "Fresh Reminder" */ = {
			isa = XCConfigurationList;
			buildConfigurations = (
				2D6133F02A82314D008EEC3D /* Debug */,
				2D6133F12A82314D008EEC3D /* Release */,
			);
			defaultConfigurationIsVisible = 0;
			defaultConfigurationName = Release;
		};
		793063C42AC8FD0900CD87D1 /* Build configuration list for PBXNativeTarget "Fresh ReminderTests" */ = {
			isa = XCConfigurationList;
			buildConfigurations = (
				793063C52AC8FD0900CD87D1 /* Debug */,
				793063C62AC8FD0900CD87D1 /* Release */,
			);
			defaultConfigurationIsVisible = 0;
			defaultConfigurationName = Release;
		};
/* End XCConfigurationList section */

/* Begin XCVersionGroup section */
		794F2CD72AAFD4C20023FA34 /* Model.xcdatamodeld */ = {
			isa = XCVersionGroup;
			children = (
				794F2CD82AAFD4C20023FA34 /* Model.xcdatamodel */,
			);
			currentVersion = 794F2CD82AAFD4C20023FA34 /* Model.xcdatamodel */;
			path = Model.xcdatamodeld;
			sourceTree = "<group>";
			versionGroupType = wrapper.xcdatamodel;
		};
/* End XCVersionGroup section */
	};
	rootObject = 2D6133D82A82314B008EEC3D /* Project object */;
}
